// !$*UTF8*$!
{
	archiveVersion = 1;
	classes = {
	};
	objectVersion = 56;
	objects = {

/* Begin PBXBuildFile section */
		B4177FD82BE27EB500E7504B /* HomePageModel.swift in Sources */ = {isa = PBXBuildFile; fileRef = B4177FD72BE27EB500E7504B /* HomePageModel.swift */; };
		B4177FDC2BE2838F00E7504B /* LinksDataModel.swift in Sources */ = {isa = PBXBuildFile; fileRef = B4177FDB2BE2838F00E7504B /* LinksDataModel.swift */; };
		B4177FDE2BE28D3800E7504B /* NetworkManager.swift in Sources */ = {isa = PBXBuildFile; fileRef = B4177FDD2BE28D3800E7504B /* NetworkManager.swift */; };
		B4177FE02BE28E1C00E7504B /* Constants.swift in Sources */ = {isa = PBXBuildFile; fileRef = B4177FDF2BE28E1C00E7504B /* Constants.swift */; };
		B4177FE32BE2931000E7504B /* HomeChartView.swift in Sources */ = {isa = PBXBuildFile; fileRef = B4177FE22BE2931000E7504B /* HomeChartView.swift */; };
		B4177FE52BE2BA6900E7504B /* LinkItemView.swift in Sources */ = {isa = PBXBuildFile; fileRef = B4177FE42BE2BA6900E7504B /* LinkItemView.swift */; };
		B4177FE82BE2BE0A00E7504B /* HomeViewModel.swift in Sources */ = {isa = PBXBuildFile; fileRef = B4177FE72BE2BE0A00E7504B /* HomeViewModel.swift */; };
		B47B3B7C2BDBE99600E49B3A /* SampleTaskApp.swift in Sources */ = {isa = PBXBuildFile; fileRef = B47B3B7B2BDBE99600E49B3A /* SampleTaskApp.swift */; };
		B47B3B7E2BDBE99600E49B3A /* ContentView.swift in Sources */ = {isa = PBXBuildFile; fileRef = B47B3B7D2BDBE99600E49B3A /* ContentView.swift */; };
		B47B3B802BDBE99900E49B3A /* Assets.xcassets in Resources */ = {isa = PBXBuildFile; fileRef = B47B3B7F2BDBE99900E49B3A /* Assets.xcassets */; };
		B47B3B832BDBE99900E49B3A /* Preview Assets.xcassets in Resources */ = {isa = PBXBuildFile; fileRef = B47B3B822BDBE99900E49B3A /* Preview Assets.xcassets */; };
		B4A23C102BE3748F007C483B /* HomeView.swift in Sources */ = {isa = PBXBuildFile; fileRef = B4A23C0F2BE3748F007C483B /* HomeView.swift */; };
		B4D985542BF770A7002693A5 /* Figtree-Regular.ttf in Resources */ = {isa = PBXBuildFile; fileRef = B4D985532BF770A7002693A5 /* Figtree-Regular.ttf */; };
		B4D985562BF770B2002693A5 /* Figtree-SemiBold.ttf in Resources */ = {isa = PBXBuildFile; fileRef = B4D985552BF770B2002693A5 /* Figtree-SemiBold.ttf */; };
		B4D985582BF770BD002693A5 /* Figtree-Medium.ttf in Resources */ = {isa = PBXBuildFile; fileRef = B4D985572BF770BD002693A5 /* Figtree-Medium.ttf */; };
		B4D9855A2BF770CE002693A5 /* Figtree-Bold.ttf in Resources */ = {isa = PBXBuildFile; fileRef = B4D985592BF770CE002693A5 /* Figtree-Bold.ttf */; };
		B4D9855E2BF7CA61002693A5 /* SDWebImage in Frameworks */ = {isa = PBXBuildFile; productRef = B4D9855D2BF7CA61002693A5 /* SDWebImage */; };
		B4D985612BF7CC70002693A5 /* SDWebImageSwiftUI in Frameworks */ = {isa = PBXBuildFile; productRef = B4D985602BF7CC70002693A5 /* SDWebImageSwiftUI */; };
		B4D985652BFB5D09002693A5 /* HorizontalScrollView.swift in Sources */ = {isa = PBXBuildFile; fileRef = B4D985642BFB5D09002693A5 /* HorizontalScrollView.swift */; };
		B4D985822BFE17CA002693A5 /* DeshboardView.swift in Sources */ = {isa = PBXBuildFile; fileRef = B4D985812BFE17CA002693A5 /* DeshboardView.swift */; };
/* End PBXBuildFile section */

/* Begin PBXFileReference section */
		B4177FD72BE27EB500E7504B /* HomePageModel.swift */ = {isa = PBXFileReference; lastKnownFileType = sourcecode.swift; path = HomePageModel.swift; sourceTree = "<group>"; };
		B4177FDB2BE2838F00E7504B /* LinksDataModel.swift */ = {isa = PBXFileReference; lastKnownFileType = sourcecode.swift; path = LinksDataModel.swift; sourceTree = "<group>"; };
		B4177FDD2BE28D3800E7504B /* NetworkManager.swift */ = {isa = PBXFileReference; lastKnownFileType = sourcecode.swift; path = NetworkManager.swift; sourceTree = "<group>"; };
		B4177FDF2BE28E1C00E7504B /* Constants.swift */ = {isa = PBXFileReference; lastKnownFileType = sourcecode.swift; path = Constants.swift; sourceTree = "<group>"; };
		B4177FE22BE2931000E7504B /* HomeChartView.swift */ = {isa = PBXFileReference; lastKnownFileType = sourcecode.swift; path = HomeChartView.swift; sourceTree = "<group>"; };
		B4177FE42BE2BA6900E7504B /* LinkItemView.swift */ = {isa = PBXFileReference; lastKnownFileType = sourcecode.swift; path = LinkItemView.swift; sourceTree = "<group>"; };
		B4177FE72BE2BE0A00E7504B /* HomeViewModel.swift */ = {isa = PBXFileReference; lastKnownFileType = sourcecode.swift; path = HomeViewModel.swift; sourceTree = "<group>"; };
		B47B3B782BDBE99600E49B3A /* SampleTask.app */ = {isa = PBXFileReference; explicitFileType = wrapper.application; includeInIndex = 0; path = SampleTask.app; sourceTree = BUILT_PRODUCTS_DIR; };
		B47B3B7B2BDBE99600E49B3A /* SampleTaskApp.swift */ = {isa = PBXFileReference; lastKnownFileType = sourcecode.swift; path = SampleTaskApp.swift; sourceTree = "<group>"; };
		B47B3B7D2BDBE99600E49B3A /* ContentView.swift */ = {isa = PBXFileReference; lastKnownFileType = sourcecode.swift; path = ContentView.swift; sourceTree = "<group>"; };
		B47B3B7F2BDBE99900E49B3A /* Assets.xcassets */ = {isa = PBXFileReference; lastKnownFileType = folder.assetcatalog; path = Assets.xcassets; sourceTree = "<group>"; };
		B47B3B822BDBE99900E49B3A /* Preview Assets.xcassets */ = {isa = PBXFileReference; lastKnownFileType = folder.assetcatalog; path = "Preview Assets.xcassets"; sourceTree = "<group>"; };
		B4A23C0F2BE3748F007C483B /* HomeView.swift */ = {isa = PBXFileReference; lastKnownFileType = sourcecode.swift; path = HomeView.swift; sourceTree = "<group>"; };
		B4D985532BF770A7002693A5 /* Figtree-Regular.ttf */ = {isa = PBXFileReference; lastKnownFileType = file; path = "Figtree-Regular.ttf"; sourceTree = "<group>"; };
		B4D985552BF770B2002693A5 /* Figtree-SemiBold.ttf */ = {isa = PBXFileReference; lastKnownFileType = file; path = "Figtree-SemiBold.ttf"; sourceTree = "<group>"; };
		B4D985572BF770BD002693A5 /* Figtree-Medium.ttf */ = {isa = PBXFileReference; lastKnownFileType = file; path = "Figtree-Medium.ttf"; sourceTree = "<group>"; };
		B4D985592BF770CE002693A5 /* Figtree-Bold.ttf */ = {isa = PBXFileReference; lastKnownFileType = file; path = "Figtree-Bold.ttf"; sourceTree = "<group>"; };
		B4D9855B2BF770FA002693A5 /* Info.plist */ = {isa = PBXFileReference; lastKnownFileType = text.plist; path = Info.plist; sourceTree = "<group>"; };
		B4D985642BFB5D09002693A5 /* HorizontalScrollView.swift */ = {isa = PBXFileReference; lastKnownFileType = sourcecode.swift; path = HorizontalScrollView.swift; sourceTree = "<group>"; };
		B4D985812BFE17CA002693A5 /* DeshboardView.swift */ = {isa = PBXFileReference; lastKnownFileType = sourcecode.swift; path = DeshboardView.swift; sourceTree = "<group>"; };
/* End PBXFileReference section */

/* Begin PBXFrameworksBuildPhase section */
		B47B3B752BDBE99600E49B3A /* Frameworks */ = {
			isa = PBXFrameworksBuildPhase;
			buildActionMask = 2147483647;
			files = (
				B4D985612BF7CC70002693A5 /* SDWebImageSwiftUI in Frameworks */,
				B4D9855E2BF7CA61002693A5 /* SDWebImage in Frameworks */,
			);
			runOnlyForDeploymentPostprocessing = 0;
		};
/* End PBXFrameworksBuildPhase section */

/* Begin PBXGroup section */
		B4177FD62BE27E9300E7504B /* Utelitites */ = {
			isa = PBXGroup;
			children = (
				B4177FDD2BE28D3800E7504B /* NetworkManager.swift */,
				B4177FDF2BE28E1C00E7504B /* Constants.swift */,
			);
			path = Utelitites;
			sourceTree = "<group>";
		};
		B4177FE12BE292EC00E7504B /* Views */ = {
			isa = PBXGroup;
			children = (
				B4177FE22BE2931000E7504B /* HomeChartView.swift */,
				B4177FE42BE2BA6900E7504B /* LinkItemView.swift */,
				B4A23C0F2BE3748F007C483B /* HomeView.swift */,
				B4D985642BFB5D09002693A5 /* HorizontalScrollView.swift */,
				B4D985812BFE17CA002693A5 /* DeshboardView.swift */,
			);
			path = Views;
			sourceTree = "<group>";
		};
		B4177FE62BE2BDF200E7504B /* ViewModel */ = {
			isa = PBXGroup;
			children = (
				B4177FE72BE2BE0A00E7504B /* HomeViewModel.swift */,
			);
			path = ViewModel;
			sourceTree = "<group>";
		};
		B47B3B6F2BDBE99600E49B3A = {
			isa = PBXGroup;
			children = (
				B47B3B7A2BDBE99600E49B3A /* SampleTask */,
				B47B3B792BDBE99600E49B3A /* Products */,
			);
			sourceTree = "<group>";
		};
		B47B3B792BDBE99600E49B3A /* Products */ = {
			isa = PBXGroup;
			children = (
				B47B3B782BDBE99600E49B3A /* SampleTask.app */,
			);
			name = Products;
			sourceTree = "<group>";
		};
		B47B3B7A2BDBE99600E49B3A /* SampleTask */ = {
			isa = PBXGroup;
			children = (
				B4D9855B2BF770FA002693A5 /* Info.plist */,
				B4D985522BF7704E002693A5 /* Fonts */,
				B4D985832BFE18F4002693A5 /* Models */,
				B4177FE12BE292EC00E7504B /* Views */,
				B4177FE62BE2BDF200E7504B /* ViewModel */,
				B4177FD62BE27E9300E7504B /* Utelitites */,
				B47B3B7B2BDBE99600E49B3A /* SampleTaskApp.swift */,
				B47B3B7D2BDBE99600E49B3A /* ContentView.swift */,
				B47B3B7F2BDBE99900E49B3A /* Assets.xcassets */,
				B47B3B812BDBE99900E49B3A /* Preview Content */,
			);
			path = SampleTask;
			sourceTree = "<group>";
		};
		B47B3B812BDBE99900E49B3A /* Preview Content */ = {
			isa = PBXGroup;
			children = (
				B47B3B822BDBE99900E49B3A /* Preview Assets.xcassets */,
			);
			path = "Preview Content";
			sourceTree = "<group>";
		};
		B4D985522BF7704E002693A5 /* Fonts */ = {
			isa = PBXGroup;
			children = (
				B4D985532BF770A7002693A5 /* Figtree-Regular.ttf */,
				B4D985552BF770B2002693A5 /* Figtree-SemiBold.ttf */,
				B4D985572BF770BD002693A5 /* Figtree-Medium.ttf */,
				B4D985592BF770CE002693A5 /* Figtree-Bold.ttf */,
			);
			path = Fonts;
			sourceTree = "<group>";
		};
		B4D985832BFE18F4002693A5 /* Models */ = {
			isa = PBXGroup;
			children = (
				B4177FD72BE27EB500E7504B /* HomePageModel.swift */,
				B4177FDB2BE2838F00E7504B /* LinksDataModel.swift */,
			);
			path = Models;
			sourceTree = "<group>";
		};
/* End PBXGroup section */

/* Begin PBXNativeTarget section */
		B47B3B772BDBE99600E49B3A /* SampleTask */ = {
			isa = PBXNativeTarget;
			buildConfigurationList = B47B3B862BDBE99900E49B3A /* Build configuration list for PBXNativeTarget "SampleTask" */;
			buildPhases = (
				B47B3B742BDBE99600E49B3A /* Sources */,
				B47B3B752BDBE99600E49B3A /* Frameworks */,
				B47B3B762BDBE99600E49B3A /* Resources */,
			);
			buildRules = (
			);
			dependencies = (
			);
			name = SampleTask;
			packageProductDependencies = (
				B4D9855D2BF7CA61002693A5 /* SDWebImage */,
				B4D985602BF7CC70002693A5 /* SDWebImageSwiftUI */,
			);
			productName = SampleTask;
			productReference = B47B3B782BDBE99600E49B3A /* SampleTask.app */;
			productType = "com.apple.product-type.application";
		};
/* End PBXNativeTarget section */

/* Begin PBXProject section */
		B47B3B702BDBE99600E49B3A /* Project object */ = {
			isa = PBXProject;
			attributes = {
				BuildIndependentTargetsInParallel = 1;
				LastSwiftUpdateCheck = 1530;
				LastUpgradeCheck = 1530;
				TargetAttributes = {
					B47B3B772BDBE99600E49B3A = {
						CreatedOnToolsVersion = 15.3;
					};
				};
			};
			buildConfigurationList = B47B3B732BDBE99600E49B3A /* Build configuration list for PBXProject "SampleTask" */;
			compatibilityVersion = "Xcode 14.0";
			developmentRegion = en;
			hasScannedForEncodings = 0;
			knownRegions = (
				en,
				Base,
			);
			mainGroup = B47B3B6F2BDBE99600E49B3A;
			packageReferences = (
				B4D9855C2BF7CA61002693A5 /* XCRemoteSwiftPackageReference "SDWebImage" */,
				B4D9855F2BF7CC70002693A5 /* XCRemoteSwiftPackageReference "SDWebImageSwiftUI" */,
			);
			productRefGroup = B47B3B792BDBE99600E49B3A /* Products */;
			projectDirPath = "";
			projectRoot = "";
			targets = (
				B47B3B772BDBE99600E49B3A /* SampleTask */,
			);
		};
/* End PBXProject section */

/* Begin PBXResourcesBuildPhase section */
		B47B3B762BDBE99600E49B3A /* Resources */ = {
			isa = PBXResourcesBuildPhase;
			buildActionMask = 2147483647;
			files = (
				B47B3B832BDBE99900E49B3A /* Preview Assets.xcassets in Resources */,
				B4D985542BF770A7002693A5 /* Figtree-Regular.ttf in Resources */,
				B4D985562BF770B2002693A5 /* Figtree-SemiBold.ttf in Resources */,
				B47B3B802BDBE99900E49B3A /* Assets.xcassets in Resources */,
				B4D9855A2BF770CE002693A5 /* Figtree-Bold.ttf in Resources */,
				B4D985582BF770BD002693A5 /* Figtree-Medium.ttf in Resources */,
			);
			runOnlyForDeploymentPostprocessing = 0;
		};
/* End PBXResourcesBuildPhase section */

/* Begin PBXSourcesBuildPhase section */
		B47B3B742BDBE99600E49B3A /* Sources */ = {
			isa = PBXSourcesBuildPhase;
			buildActionMask = 2147483647;
			files = (
				B47B3B7E2BDBE99600E49B3A /* ContentView.swift in Sources */,
				B4177FE82BE2BE0A00E7504B /* HomeViewModel.swift in Sources */,
				B4177FE32BE2931000E7504B /* HomeChartView.swift in Sources */,
				B4A23C102BE3748F007C483B /* HomeView.swift in Sources */,
				B4177FDE2BE28D3800E7504B /* NetworkManager.swift in Sources */,
				B4D985822BFE17CA002693A5 /* DeshboardView.swift in Sources */,
				B4177FDC2BE2838F00E7504B /* LinksDataModel.swift in Sources */,
				B4177FD82BE27EB500E7504B /* HomePageModel.swift in Sources */,
				B4D985652BFB5D09002693A5 /* HorizontalScrollView.swift in Sources */,
				B4177FE52BE2BA6900E7504B /* LinkItemView.swift in Sources */,
				B47B3B7C2BDBE99600E49B3A /* SampleTaskApp.swift in Sources */,
				B4177FE02BE28E1C00E7504B /* Constants.swift in Sources */,
			);
			runOnlyForDeploymentPostprocessing = 0;
		};
/* End PBXSourcesBuildPhase section */

/* Begin XCBuildConfiguration section */
		B47B3B842BDBE99900E49B3A /* Debug */ = {
			isa = XCBuildConfiguration;
			buildSettings = {
				ALWAYS_SEARCH_USER_PATHS = NO;
				ASSETCATALOG_COMPILER_GENERATE_SWIFT_ASSET_SYMBOL_EXTENSIONS = YES;
				CLANG_ANALYZER_NONNULL = YES;
				CLANG_ANALYZER_NUMBER_OBJECT_CONVERSION = YES_AGGRESSIVE;
				CLANG_CXX_LANGUAGE_STANDARD = "gnu++20";
				CLANG_ENABLE_MODULES = YES;
				CLANG_ENABLE_OBJC_ARC = YES;
				CLANG_ENABLE_OBJC_WEAK = YES;
				CLANG_WARN_BLOCK_CAPTURE_AUTORELEASING = YES;
				CLANG_WARN_BOOL_CONVERSION = YES;
				CLANG_WARN_COMMA = YES;
				CLANG_WARN_CONSTANT_CONVERSION = YES;
				CLANG_WARN_DEPRECATED_OBJC_IMPLEMENTATIONS = YES;
				CLANG_WARN_DIRECT_OBJC_ISA_USAGE = YES_ERROR;
				CLANG_WARN_DOCUMENTATION_COMMENTS = YES;
				CLANG_WARN_EMPTY_BODY = YES;
				CLANG_WARN_ENUM_CONVERSION = YES;
				CLANG_WARN_INFINITE_RECURSION = YES;
				CLANG_WARN_INT_CONVERSION = YES;
				CLANG_WARN_NON_LITERAL_NULL_CONVERSION = YES;
				CLANG_WARN_OBJC_IMPLICIT_RETAIN_SELF = YES;
				CLANG_WARN_OBJC_LITERAL_CONVERSION = YES;
				CLANG_WARN_OBJC_ROOT_CLASS = YES_ERROR;
				CLANG_WARN_QUOTED_INCLUDE_IN_FRAMEWORK_HEADER = YES;
				CLANG_WARN_RANGE_LOOP_ANALYSIS = YES;
				CLANG_WARN_STRICT_PROTOTYPES = YES;
				CLANG_WARN_SUSPICIOUS_MOVE = YES;
				CLANG_WARN_UNGUARDED_AVAILABILITY = YES_AGGRESSIVE;
				CLANG_WARN_UNREACHABLE_CODE = YES;
				CLANG_WARN__DUPLICATE_METHOD_MATCH = YES;
				COPY_PHASE_STRIP = NO;
				DEBUG_INFORMATION_FORMAT = dwarf;
				ENABLE_STRICT_OBJC_MSGSEND = YES;
				ENABLE_TESTABILITY = YES;
				ENABLE_USER_SCRIPT_SANDBOXING = YES;
				GCC_C_LANGUAGE_STANDARD = gnu17;
				GCC_DYNAMIC_NO_PIC = NO;
				GCC_NO_COMMON_BLOCKS = YES;
				GCC_OPTIMIZATION_LEVEL = 0;
				GCC_PREPROCESSOR_DEFINITIONS = (
					"DEBUG=1",
					"$(inherited)",
				);
				GCC_WARN_64_TO_32_BIT_CONVERSION = YES;
				GCC_WARN_ABOUT_RETURN_TYPE = YES_ERROR;
				GCC_WARN_UNDECLARED_SELECTOR = YES;
				GCC_WARN_UNINITIALIZED_AUTOS = YES_AGGRESSIVE;
				GCC_WARN_UNUSED_FUNCTION = YES;
				GCC_WARN_UNUSED_VARIABLE = YES;
				IPHONEOS_DEPLOYMENT_TARGET = 17.4;
				LOCALIZATION_PREFERS_STRING_CATALOGS = YES;
				MTL_ENABLE_DEBUG_INFO = INCLUDE_SOURCE;
				MTL_FAST_MATH = YES;
				ONLY_ACTIVE_ARCH = YES;
				SDKROOT = iphoneos;
				SWIFT_ACTIVE_COMPILATION_CONDITIONS = "DEBUG $(inherited)";
				SWIFT_OPTIMIZATION_LEVEL = "-Onone";
			};
			name = Debug;
		};
		B47B3B852BDBE99900E49B3A /* Release */ = {
			isa = XCBuildConfiguration;
			buildSettings = {
				ALWAYS_SEARCH_USER_PATHS = NO;
				ASSETCATALOG_COMPILER_GENERATE_SWIFT_ASSET_SYMBOL_EXTENSIONS = YES;
				CLANG_ANALYZER_NONNULL = YES;
				CLANG_ANALYZER_NUMBER_OBJECT_CONVERSION = YES_AGGRESSIVE;
				CLANG_CXX_LANGUAGE_STANDARD = "gnu++20";
				CLANG_ENABLE_MODULES = YES;
				CLANG_ENABLE_OBJC_ARC = YES;
				CLANG_ENABLE_OBJC_WEAK = YES;
				CLANG_WARN_BLOCK_CAPTURE_AUTORELEASING = YES;
				CLANG_WARN_BOOL_CONVERSION = YES;
				CLANG_WARN_COMMA = YES;
				CLANG_WARN_CONSTANT_CONVERSION = YES;
				CLANG_WARN_DEPRECATED_OBJC_IMPLEMENTATIONS = YES;
				CLANG_WARN_DIRECT_OBJC_ISA_USAGE = YES_ERROR;
				CLANG_WARN_DOCUMENTATION_COMMENTS = YES;
				CLANG_WARN_EMPTY_BODY = YES;
				CLANG_WARN_ENUM_CONVERSION = YES;
				CLANG_WARN_INFINITE_RECURSION = YES;
				CLANG_WARN_INT_CONVERSION = YES;
				CLANG_WARN_NON_LITERAL_NULL_CONVERSION = YES;
				CLANG_WARN_OBJC_IMPLICIT_RETAIN_SELF = YES;
				CLANG_WARN_OBJC_LITERAL_CONVERSION = YES;
				CLANG_WARN_OBJC_ROOT_CLASS = YES_ERROR;
				CLANG_WARN_QUOTED_INCLUDE_IN_FRAMEWORK_HEADER = YES;
				CLANG_WARN_RANGE_LOOP_ANALYSIS = YES;
				CLANG_WARN_STRICT_PROTOTYPES = YES;
				CLANG_WARN_SUSPICIOUS_MOVE = YES;
				CLANG_WARN_UNGUARDED_AVAILABILITY = YES_AGGRESSIVE;
				CLANG_WARN_UNREACHABLE_CODE = YES;
				CLANG_WARN__DUPLICATE_METHOD_MATCH = YES;
				COPY_PHASE_STRIP = NO;
				DEBUG_INFORMATION_FORMAT = "dwarf-with-dsym";
				ENABLE_NS_ASSERTIONS = NO;
				ENABLE_STRICT_OBJC_MSGSEND = YES;
				ENABLE_USER_SCRIPT_SANDBOXING = YES;
				GCC_C_LANGUAGE_STANDARD = gnu17;
				GCC_NO_COMMON_BLOCKS = YES;
				GCC_WARN_64_TO_32_BIT_CONVERSION = YES;
				GCC_WARN_ABOUT_RETURN_TYPE = YES_ERROR;
				GCC_WARN_UNDECLARED_SELECTOR = YES;
				GCC_WARN_UNINITIALIZED_AUTOS = YES_AGGRESSIVE;
				GCC_WARN_UNUSED_FUNCTION = YES;
				GCC_WARN_UNUSED_VARIABLE = YES;
				IPHONEOS_DEPLOYMENT_TARGET = 17.4;
				LOCALIZATION_PREFERS_STRING_CATALOGS = YES;
				MTL_ENABLE_DEBUG_INFO = NO;
				MTL_FAST_MATH = YES;
				SDKROOT = iphoneos;
				SWIFT_COMPILATION_MODE = wholemodule;
				VALIDATE_PRODUCT = YES;
			};
			name = Release;
		};
		B47B3B872BDBE99900E49B3A /* Debug */ = {
			isa = XCBuildConfiguration;
			buildSettings = {
				ASSETCATALOG_COMPILER_APPICON_NAME = AppIcon;
				ASSETCATALOG_COMPILER_GLOBAL_ACCENT_COLOR_NAME = AccentColor;
				CODE_SIGN_STYLE = Automatic;
				CURRENT_PROJECT_VERSION = 1;
				DEVELOPMENT_ASSET_PATHS = "\"SampleTask/Preview Content\"";
				DEVELOPMENT_TEAM = XGXCL6K64U;
				ENABLE_PREVIEWS = YES;
				GENERATE_INFOPLIST_FILE = YES;
				INFOPLIST_FILE = SampleTask/Info.plist;
				INFOPLIST_KEY_UIApplicationSceneManifest_Generation = YES;
				INFOPLIST_KEY_UIApplicationSupportsIndirectInputEvents = YES;
				INFOPLIST_KEY_UILaunchScreen_Generation = YES;
				INFOPLIST_KEY_UISupportedInterfaceOrientations_iPad = "UIInterfaceOrientationPortrait UIInterfaceOrientationPortraitUpsideDown UIInterfaceOrientationLandscapeLeft UIInterfaceOrientationLandscapeRight";
				INFOPLIST_KEY_UISupportedInterfaceOrientations_iPhone = "UIInterfaceOrientationPortrait UIInterfaceOrientationLandscapeLeft UIInterfaceOrientationLandscapeRight";
				LD_RUNPATH_SEARCH_PATHS = (
					"$(inherited)",
					"@executable_path/Frameworks",
				);
				MARKETING_VERSION = 1.0;
				PRODUCT_BUNDLE_IDENTIFIER = TheHunterCode.SampleTask;
				PRODUCT_NAME = "$(TARGET_NAME)";
				SWIFT_EMIT_LOC_STRINGS = YES;
				SWIFT_VERSION = 5.0;
				TARGETED_DEVICE_FAMILY = "1,2";
			};
			name = Debug;
		};
		B47B3B882BDBE99900E49B3A /* Release */ = {
			isa = XCBuildConfiguration;
			buildSettings = {
				ASSETCATALOG_COMPILER_APPICON_NAME = AppIcon;
				ASSETCATALOG_COMPILER_GLOBAL_ACCENT_COLOR_NAME = AccentColor;
				CODE_SIGN_STYLE = Automatic;
				CURRENT_PROJECT_VERSION = 1;
				DEVELOPMENT_ASSET_PATHS = "\"SampleTask/Preview Content\"";
				DEVELOPMENT_TEAM = XGXCL6K64U;
				ENABLE_PREVIEWS = YES;
				GENERATE_INFOPLIST_FILE = YES;
				INFOPLIST_FILE = SampleTask/Info.plist;
				INFOPLIST_KEY_UIApplicationSceneManifest_Generation = YES;
				INFOPLIST_KEY_UIApplicationSupportsIndirectInputEvents = YES;
				INFOPLIST_KEY_UILaunchScreen_Generation = YES;
				INFOPLIST_KEY_UISupportedInterfaceOrientations_iPad = "UIInterfaceOrientationPortrait UIInterfaceOrientationPortraitUpsideDown UIInterfaceOrientationLandscapeLeft UIInterfaceOrientationLandscapeRight";
				INFOPLIST_KEY_UISupportedInterfaceOrientations_iPhone = "UIInterfaceOrientationPortrait UIInterfaceOrientationLandscapeLeft UIInterfaceOrientationLandscapeRight";
				LD_RUNPATH_SEARCH_PATHS = (
					"$(inherited)",
					"@executable_path/Frameworks",
				);
				MARKETING_VERSION = 1.0;
				PRODUCT_BUNDLE_IDENTIFIER = TheHunterCode.SampleTask;
				PRODUCT_NAME = "$(TARGET_NAME)";
				SWIFT_EMIT_LOC_STRINGS = YES;
				SWIFT_VERSION = 5.0;
				TARGETED_DEVICE_FAMILY = "1,2";
			};
			name = Release;
		};
/* End XCBuildConfiguration section */

/* Begin XCConfigurationList section */
		B47B3B732BDBE99600E49B3A /* Build configuration list for PBXProject "SampleTask" */ = {
			isa = XCConfigurationList;
			buildConfigurations = (
				B47B3B842BDBE99900E49B3A /* Debug */,
				B47B3B852BDBE99900E49B3A /* Release */,
			);
			defaultConfigurationIsVisible = 0;
			defaultConfigurationName = Release;
		};
		B47B3B862BDBE99900E49B3A /* Build configuration list for PBXNativeTarget "SampleTask" */ = {
			isa = XCConfigurationList;
			buildConfigurations = (
				B47B3B872BDBE99900E49B3A /* Debug */,
				B47B3B882BDBE99900E49B3A /* Release */,
			);
			defaultConfigurationIsVisible = 0;
			defaultConfigurationName = Release;
		};
/* End XCConfigurationList section */

/* Begin XCRemoteSwiftPackageReference section */
		B4D9855C2BF7CA61002693A5 /* XCRemoteSwiftPackageReference "SDWebImage" */ = {
			isa = XCRemoteSwiftPackageReference;
			repositoryURL = "https://github.com/SDWebImage/SDWebImage";
			requirement = {
				kind = upToNextMajorVersion;
				minimumVersion = 5.19.2;
			};
		};
		B4D9855F2BF7CC70002693A5 /* XCRemoteSwiftPackageReference "SDWebImageSwiftUI" */ = {
			isa = XCRemoteSwiftPackageReference;
			repositoryURL = "https://github.com/SDWebImage/SDWebImageSwiftUI";
			requirement = {
				kind = upToNextMajorVersion;
				minimumVersion = 3.0.4;
			};
		};
/* End XCRemoteSwiftPackageReference section */

/* Begin XCSwiftPackageProductDependency section */
		B4D9855D2BF7CA61002693A5 /* SDWebImage */ = {
			isa = XCSwiftPackageProductDependency;
			package = B4D9855C2BF7CA61002693A5 /* XCRemoteSwiftPackageReference "SDWebImage" */;
			productName = SDWebImage;
		};
		B4D985602BF7CC70002693A5 /* SDWebImageSwiftUI */ = {
			isa = XCSwiftPackageProductDependency;
			package = B4D9855F2BF7CC70002693A5 /* XCRemoteSwiftPackageReference "SDWebImageSwiftUI" */;
			productName = SDWebImageSwiftUI;
		};
/* End XCSwiftPackageProductDependency section */
	};
	rootObject = B47B3B702BDBE99600E49B3A /* Project object */;
}
